
Microsoft Visual Studio Solution File, Format Version 12.00
# Visual Studio Version 17
VisualStudioVersion = 17.14.36518.9
MinimumVisualStudioVersion = 10.0.40219.1
Project("{FAE04EC0-301F-11D3-BF4B-00C04F79EFBC}") = "MakhazenApp", "MakhazenApp\MakhazenApp.csproj", "{8E6549B6-A579-4190-BEA4-BE1E2F5FE6BA}"
EndProject
Global
	GlobalSection(SolutionConfigurationPlatforms) = preSolution
		Debug|Any CPU = Debug|Any CPU
		Release|Any CPU = Release|Any CPU
	EndGlobalSection
	GlobalSection(ProjectConfigurationPlatforms) = postSolution
		{8E6549B6-A579-4190-BEA4-BE1E2F5FE6BA}.Debug|Any CPU.ActiveCfg = Debug|Any CPU
		{8E6549B6-A579-4190-BEA4-BE1E2F5FE6BA}.Debug|Any CPU.Build.0 = Debug|Any CPU
		{8E6549B6-A579-4190-BEA4-BE1E2F5FE6BA}.Release|Any CPU.ActiveCfg = Release|Any CPU
		{8E6549B6-A579-4190-BEA4-BE1E2F5FE6BA}.Release|Any CPU.Build.0 = Release|Any CPU
	EndGlobalSection
	GlobalSection(SolutionProperties) = preSolution
		HideSolutionNode = FALSE
	EndGlobalSection
	GlobalSection(ExtensibilityGlobals) = postSolution
		SolutionGuid = {150FD6F7-63EB-45BB-9B9D-440B534072F2}
	EndGlobalSection
EndGlobal
